// !$*UTF8*$!
{
	archiveVersion = 1;
	classes = {
	};
	objectVersion = 50;
	objects = {

/* Begin PBXBuildFile section */
		9172698E2657D05B00CE88F2 /* AppDelegate.swift in Sources */ = {isa = PBXBuildFile; fileRef = 9172698D2657D05B00CE88F2 /* AppDelegate.swift */; };
		917269902657D05B00CE88F2 /* SceneDelegate.swift in Sources */ = {isa = PBXBuildFile; fileRef = 9172698F2657D05B00CE88F2 /* SceneDelegate.swift */; };
		917269922657D05B00CE88F2 /* ContentView.swift in Sources */ = {isa = PBXBuildFile; fileRef = 917269912657D05B00CE88F2 /* ContentView.swift */; };
		917269942657D05D00CE88F2 /* Assets.xcassets in Resources */ = {isa = PBXBuildFile; fileRef = 917269932657D05D00CE88F2 /* Assets.xcassets */; };
		917269972657D05D00CE88F2 /* Preview Assets.xcassets in Resources */ = {isa = PBXBuildFile; fileRef = 917269962657D05D00CE88F2 /* Preview Assets.xcassets */; };
		9172699A2657D05D00CE88F2 /* LaunchScreen.storyboard in Resources */ = {isa = PBXBuildFile; fileRef = 917269982657D05D00CE88F2 /* LaunchScreen.storyboard */; };
		917269A2265800D300CE88F2 /* Video.swift in Sources */ = {isa = PBXBuildFile; fileRef = 917269A1265800D300CE88F2 /* Video.swift */; };
/* End PBXBuildFile section */

/* Begin PBXFileReference section */
		9172698A2657D05B00CE88F2 /* SwiftUIVideos.app */ = {isa = PBXFileReference; explicitFileType = wrapper.application; includeInIndex = 0; path = SwiftUIVideos.app; sourceTree = BUILT_PRODUCTS_DIR; };
		9172698D2657D05B00CE88F2 /* AppDelegate.swift */ = {isa = PBXFileReference; lastKnownFileType = sourcecode.swift; path = AppDelegate.swift; sourceTree = "<group>"; };
		9172698F2657D05B00CE88F2 /* SceneDelegate.swift */ = {isa = PBXFileReference; lastKnownFileType = sourcecode.swift; path = SceneDelegate.swift; sourceTree = "<group>"; };
		917269912657D05B00CE88F2 /* ContentView.swift */ = {isa = PBXFileReference; lastKnownFileType = sourcecode.swift; path = ContentView.swift; sourceTree = "<group>"; };
		917269932657D05D00CE88F2 /* Assets.xcassets */ = {isa = PBXFileReference; lastKnownFileType = folder.assetcatalog; path = Assets.xcassets; sourceTree = "<group>"; };
		917269962657D05D00CE88F2 /* Preview Assets.xcassets */ = {isa = PBXFileReference; lastKnownFileType = folder.assetcatalog; path = "Preview Assets.xcassets"; sourceTree = "<group>"; };
		917269992657D05D00CE88F2 /* Base */ = {isa = PBXFileReference; lastKnownFileType = file.storyboard; name = Base; path = Base.lproj/LaunchScreen.storyboard; sourceTree = "<group>"; };
		9172699B2657D05D00CE88F2 /* Info.plist */ = {isa = PBXFileReference; lastKnownFileType = text.plist.xml; path = Info.plist; sourceTree = "<group>"; };
		917269A1265800D300CE88F2 /* Video.swift */ = {isa = PBXFileReference; lastKnownFileType = sourcecode.swift; path = Video.swift; sourceTree = "<group>"; };
/* End PBXFileReference section */

/* Begin PBXFrameworksBuildPhase section */
		917269872657D05B00CE88F2 /* Frameworks */ = {
			isa = PBXFrameworksBuildPhase;
			buildActionMask = 2147483647;
			files = (
			);
			runOnlyForDeploymentPostprocessing = 0;
		};
/* End PBXFrameworksBuildPhase section */

/* Begin PBXGroup section */
		917269812657D05B00CE88F2 = {
			isa = PBXGroup;
			children = (
				9172698C2657D05B00CE88F2 /* SwiftUIVideos */,
				9172698B2657D05B00CE88F2 /* Products */,
			);
			sourceTree = "<group>";
		};
		9172698B2657D05B00CE88F2 /* Products */ = {
			isa = PBXGroup;
			children = (
				9172698A2657D05B00CE88F2 /* SwiftUIVideos.app */,
			);
			name = Products;
			sourceTree = "<group>";
		};
		9172698C2657D05B00CE88F2 /* SwiftUIVideos */ = {
			isa = PBXGroup;
			children = (
				9172698D2657D05B00CE88F2 /* AppDelegate.swift */,
				9172698F2657D05B00CE88F2 /* SceneDelegate.swift */,
				917269912657D05B00CE88F2 /* ContentView.swift */,
				917269A1265800D300CE88F2 /* Video.swift */,
				917269932657D05D00CE88F2 /* Assets.xcassets */,
				917269982657D05D00CE88F2 /* LaunchScreen.storyboard */,
				9172699B2657D05D00CE88F2 /* Info.plist */,
				917269952657D05D00CE88F2 /* Preview Content */,
			);
			path = SwiftUIVideos;
			sourceTree = "<group>";
		};
		917269952657D05D00CE88F2 /* Preview Content */ = {
			isa = PBXGroup;
			children = (
				917269962657D05D00CE88F2 /* Preview Assets.xcassets */,
			);
			path = "Preview Content";
			sourceTree = "<group>";
		};
/* End PBXGroup section */

/* Begin PBXNativeTarget section */
		917269892657D05B00CE88F2 /* SwiftUIVideos */ = {
			isa = PBXNativeTarget;
			buildConfigurationList = 9172699E2657D05D00CE88F2 /* Build configuration list for PBXNativeTarget "SwiftUIVideos" */;
			buildPhases = (
				917269862657D05B00CE88F2 /* Sources */,
				917269872657D05B00CE88F2 /* Frameworks */,
				917269882657D05B00CE88F2 /* Resources */,
			);
			buildRules = (
			);
			dependencies = (
			);
			name = SwiftUIVideos;
			productName = SwiftUIVideos;
			productReference = 9172698A2657D05B00CE88F2 /* SwiftUIVideos.app */;
			productType = "com.apple.product-type.application";
		};
/* End PBXNativeTarget section */

/* Begin PBXProject section */
		917269822657D05B00CE88F2 /* Project object */ = {
			isa = PBXProject;
			attributes = {
				LastSwiftUpdateCheck = 1250;
				LastUpgradeCheck = 1250;
				TargetAttributes = {
					917269892657D05B00CE88F2 = {
						CreatedOnToolsVersion = 12.5;
					};
				};
			};
			buildConfigurationList = 917269852657D05B00CE88F2 /* Build configuration list for PBXProject "SwiftUIVideos" */;
			compatibilityVersion = "Xcode 9.3";
			developmentRegion = en;
			hasScannedForEncodings = 0;
			knownRegions = (
				en,
				Base,
			);
			mainGroup = 917269812657D05B00CE88F2;
			productRefGroup = 9172698B2657D05B00CE88F2 /* Products */;
			projectDirPath = "";
			projectRoot = "";
			targets = (
				917269892657D05B00CE88F2 /* SwiftUIVideos */,
			);
		};
/* End PBXProject section */

/* Begin PBXResourcesBuildPhase section */
		917269882657D05B00CE88F2 /* Resources */ = {
			isa = PBXResourcesBuildPhase;
			buildActionMask = 2147483647;
			files = (
				9172699A2657D05D00CE88F2 /* LaunchScreen.storyboard in Resources */,
				917269972657D05D00CE88F2 /* Preview Assets.xcassets in Resources */,
				917269942657D05D00CE88F2 /* Assets.xcassets in Resources */,
			);
			runOnlyForDeploymentPostprocessing = 0;
		};
/* End PBXResourcesBuildPhase section */

/* Begin PBXSourcesBuildPhase section */
		917269862657D05B00CE88F2 /* Sources */ = {
			isa = PBXSourcesBuildPhase;
			buildActionMask = 2147483647;
			files = (
				9172698E2657D05B00CE88F2 /* AppDelegate.swift in Sources */,
				917269A2265800D300CE88F2 /* Video.swift in Sources */,
				917269902657D05B00CE88F2 /* SceneDelegate.swift in Sources */,
				917269922657D05B00CE88F2 /* ContentView.swift in Sources */,
			);
			runOnlyForDeploymentPostprocessing = 0;
		};
/* End PBXSourcesBuildPhase section */

/* Begin PBXVariantGroup section */
		917269982657D05D00CE88F2 /* LaunchScreen.storyboard */ = {
			isa = PBXVariantGroup;
			children = (
				917269992657D05D00CE88F2 /* Base */,
			);
			name = LaunchScreen.storyboard;
			sourceTree = "<group>";
		};
/* End PBXVariantGroup section */

/* Begin XCBuildConfiguration section */
		9172699C2657D05D00CE88F2 /* Debug */ = {
			isa = XCBuildConfiguration;
			buildSettings = {
				ALWAYS_SEARCH_USER_PATHS = NO;
				CLANG_ANALYZER_NONNULL = YES;
				CLANG_ANALYZER_NUMBER_OBJECT_CONVERSION = YES_AGGRESSIVE;
				CLANG_CXX_LANGUAGE_STANDARD = "gnu++14";
				CLANG_CXX_LIBRARY = "libc++";
				CLANG_ENABLE_MODULES = YES;
				CLANG_ENABLE_OBJC_ARC = YES;
				CLANG_ENABLE_OBJC_WEAK = YES;
				CLANG_WARN_BLOCK_CAPTURE_AUTORELEASING = YES;
				CLANG_WARN_BOOL_CONVERSION = YES;
				CLANG_WARN_COMMA = YES;
				CLANG_WARN_CONSTANT_CONVERSION = YES;
				CLANG_WARN_DEPRECATED_OBJC_IMPLEMENTATIONS = YES;
				CLANG_WARN_DIRECT_OBJC_ISA_USAGE = YES_ERROR;
				CLANG_WARN_DOCUMENTATION_COMMENTS = YES;
				CLANG_WARN_EMPTY_BODY = YES;
				CLANG_WARN_ENUM_CONVERSION = YES;
				CLANG_WARN_INFINITE_RECURSION = YES;
				CLANG_WARN_INT_CONVERSION = YES;
				CLANG_WARN_NON_LITERAL_NULL_CONVERSION = YES;
				CLANG_WARN_OBJC_IMPLICIT_RETAIN_SELF = YES;
				CLANG_WARN_OBJC_LITERAL_CONVERSION = YES;
				CLANG_WARN_OBJC_ROOT_CLASS = YES_ERROR;
				CLANG_WARN_QUOTED_INCLUDE_IN_FRAMEWORK_HEADER = YES;
				CLANG_WARN_RANGE_LOOP_ANALYSIS = YES;
				CLANG_WARN_STRICT_PROTOTYPES = YES;
				CLANG_WARN_SUSPICIOUS_MOVE = YES;
				CLANG_WARN_UNGUARDED_AVAILABILITY = YES_AGGRESSIVE;
				CLANG_WARN_UNREACHABLE_CODE = YES;
				CLANG_WARN__DUPLICATE_METHOD_MATCH = YES;
				COPY_PHASE_STRIP = NO;
				DEBUG_INFORMATION_FORMAT = dwarf;
				ENABLE_STRICT_OBJC_MSGSEND = YES;
				ENABLE_TESTABILITY = YES;
				GCC_C_LANGUAGE_STANDARD = gnu11;
				GCC_DYNAMIC_NO_PIC = NO;
				GCC_NO_COMMON_BLOCKS = YES;
				GCC_OPTIMIZATION_LEVEL = 0;
				GCC_PREPROCESSOR_DEFINITIONS = (
					"DEBUG=1",
					"$(inherited)",
				);
				GCC_WARN_64_TO_32_BIT_CONVERSION = YES;
				GCC_WARN_ABOUT_RETURN_TYPE = YES_ERROR;
				GCC_WARN_UNDECLARED_SELECTOR = YES;
				GCC_WARN_UNINITIALIZED_AUTOS = YES_AGGRESSIVE;
				GCC_WARN_UNUSED_FUNCTION = YES;
				GCC_WARN_UNUSED_VARIABLE = YES;
				IPHONEOS_DEPLOYMENT_TARGET = 14.5;
				MTL_ENABLE_DEBUG_INFO = INCLUDE_SOURCE;
				MTL_FAST_MATH = YES;
				ONLY_ACTIVE_ARCH = YES;
				SDKROOT = iphoneos;
				SWIFT_ACTIVE_COMPILATION_CONDITIONS = DEBUG;
				SWIFT_OPTIMIZATION_LEVEL = "-Onone";
			};
			name = Debug;
		};
		9172699D2657D05D00CE88F2 /* Release */ = {
			isa = XCBuildConfiguration;
			buildSettings = {
				ALWAYS_SEARCH_USER_PATHS = NO;
				CLANG_ANALYZER_NONNULL = YES;
				CLANG_ANALYZER_NUMBER_OBJECT_CONVERSION = YES_AGGRESSIVE;
				CLANG_CXX_LANGUAGE_STANDARD = "gnu++14";
				CLANG_CXX_LIBRARY = "libc++";
				CLANG_ENABLE_MODULES = YES;
				CLANG_ENABLE_OBJC_ARC = YES;
				CLANG_ENABLE_OBJC_WEAK = YES;
				CLANG_WARN_BLOCK_CAPTURE_AUTORELEASING = YES;
				CLANG_WARN_BOOL_CONVERSION = YES;
				CLANG_WARN_COMMA = YES;
				CLANG_WARN_CONSTANT_CONVERSION = YES;
				CLANG_WARN_DEPRECATED_OBJC_IMPLEMENTATIONS = YES;
				CLANG_WARN_DIRECT_OBJC_ISA_USAGE = YES_ERROR;
				CLANG_WARN_DOCUMENTATION_COMMENTS = YES;
				CLANG_WARN_EMPTY_BODY = YES;
				CLANG_WARN_ENUM_CONVERSION = YES;
				CLANG_WARN_INFINITE_RECURSION = YES;
				CLANG_WARN_INT_CONVERSION = YES;
				CLANG_WARN_NON_LITERAL_NULL_CONVERSION = YES;
				CLANG_WARN_OBJC_IMPLICIT_RETAIN_SELF = YES;
				CLANG_WARN_OBJC_LITERAL_CONVERSION = YES;
				CLANG_WARN_OBJC_ROOT_CLASS = YES_ERROR;
				CLANG_WARN_QUOTED_INCLUDE_IN_FRAMEWORK_HEADER = YES;
				CLANG_WARN_RANGE_LOOP_ANALYSIS = YES;
				CLANG_WARN_STRICT_PROTOTYPES = YES;
				CLANG_WARN_SUSPICIOUS_MOVE = YES;
				CLANG_WARN_UNGUARDED_AVAILABILITY = YES_AGGRESSIVE;
				CLANG_WARN_UNREACHABLE_CODE = YES;
				CLANG_WARN__DUPLICATE_METHOD_MATCH = YES;
				COPY_PHASE_STRIP = NO;
				DEBUG_INFORMATION_FORMAT = "dwarf-with-dsym";
				ENABLE_NS_ASSERTIONS = NO;
				ENABLE_STRICT_OBJC_MSGSEND = YES;
				GCC_C_LANGUAGE_STANDARD = gnu11;
				GCC_NO_COMMON_BLOCKS = YES;
				GCC_WARN_64_TO_32_BIT_CONVERSION = YES;
				GCC_WARN_ABOUT_RETURN_TYPE = YES_ERROR;
				GCC_WARN_UNDECLARED_SELECTOR = YES;
				GCC_WARN_UNINITIALIZED_AUTOS = YES_AGGRESSIVE;
				GCC_WARN_UNUSED_FUNCTION = YES;
				GCC_WARN_UNUSED_VARIABLE = YES;
				IPHONEOS_DEPLOYMENT_TARGET = 14.5;
				MTL_ENABLE_DEBUG_INFO = NO;
				MTL_FAST_MATH = YES;
				SDKROOT = iphoneos;
				SWIFT_COMPILATION_MODE = wholemodule;
				SWIFT_OPTIMIZATION_LEVEL = "-O";
				VALIDATE_PRODUCT = YES;
			};
			name = Release;
		};
		9172699F2657D05D00CE88F2 /* Debug */ = {
			isa = XCBuildConfiguration;
			buildSettings = {
				ASSETCATALOG_COMPILER_APPICON_NAME = AppIcon;
				ASSETCATALOG_COMPILER_GLOBAL_ACCENT_COLOR_NAME = AccentColor;
				CODE_SIGN_STYLE = Automatic;
				DEVELOPMENT_ASSET_PATHS = "\"SwiftUIVideos/Preview Content\"";
				DEVELOPMENT_TEAM = 9G4L6BZGZK;
				ENABLE_PREVIEWS = YES;
				INFOPLIST_FILE = SwiftUIVideos/Info.plist;
				LD_RUNPATH_SEARCH_PATHS = (
					"$(inherited)",
					"@executable_path/Frameworks",
				);
				PRODUCT_BUNDLE_IDENTIFIER = com.r0mm4k.SwiftUIVideos;
				PRODUCT_NAME = "$(TARGET_NAME)";
				SWIFT_VERSION = 5.0;
				TARGETED_DEVICE_FAMILY = "1,2";
			};
			name = Debug;
		};
		917269A02657D05D00CE88F2 /* Release */ = {
			isa = XCBuildConfiguration;
			buildSettings = {
				ASSETCATALOG_COMPILER_APPICON_NAME = AppIcon;
				ASSETCATALOG_COMPILER_GLOBAL_ACCENT_COLOR_NAME = AccentColor;
				CODE_SIGN_STYLE = Automatic;
				DEVELOPMENT_ASSET_PATHS = "\"SwiftUIVideos/Preview Content\"";
				DEVELOPMENT_TEAM = 9G4L6BZGZK;
				ENABLE_PREVIEWS = YES;
				INFOPLIST_FILE = SwiftUIVideos/Info.plist;
				LD_RUNPATH_SEARCH_PATHS = (
					"$(inherited)",
					"@executable_path/Frameworks",
				);
				PRODUCT_BUNDLE_IDENTIFIER = com.r0mm4k.SwiftUIVideos;
				PRODUCT_NAME = "$(TARGET_NAME)";
				SWIFT_VERSION = 5.0;
				TARGETED_DEVICE_FAMILY = "1,2";
			};
			name = Release;
		};
/* End XCBuildConfiguration section */

/* Begin XCConfigurationList section */
		917269852657D05B00CE88F2 /* Build configuration list for PBXProject "SwiftUIVideos" */ = {
			isa = XCConfigurationList;
			buildConfigurations = (
				9172699C2657D05D00CE88F2 /* Debug */,
				9172699D2657D05D00CE88F2 /* Release */,
			);
			defaultConfigurationIsVisible = 0;
			defaultConfigurationName = Release;
		};
		9172699E2657D05D00CE88F2 /* Build configuration list for PBXNativeTarget "SwiftUIVideos" */ = {
			isa = XCConfigurationList;
			buildConfigurations = (
				9172699F2657D05D00CE88F2 /* Debug */,
				917269A02657D05D00CE88F2 /* Release */,
			);
			defaultConfigurationIsVisible = 0;
			defaultConfigurationName = Release;
		};
/* End XCConfigurationList section */
	};
	rootObject = 917269822657D05B00CE88F2 /* Project object */;
}
